PODS:
  - RxSwift (5.0.0)
  - RxSwiftAwait (0.0.1)

DEPENDENCIES:
  - RxSwift (~> 5.0)
  - RxSwiftAwait (from `../RxSwift`)

SPEC REPOS:
  https://github.com/CocoaPods/Specs.git:
    - RxSwift

EXTERNAL SOURCES:
  RxSwiftAwait:
    :path: "../RxSwift"

SPEC CHECKSUMS:
  RxSwift: 8b0671caa829a763bbce7271095859121cbd895f
  RxSwiftAwait: 1efa88b779db708a531290401a908e1c5a446547

PODFILE CHECKSUM: cba9262bbaf6917d6e20ff436282a8219525c061

COCOAPODS: 1.15.2
